// !$*UTF8*$!
{
	archiveVersion = 1;
	classes = {
	};
	objectVersion = 56;
	objects = {

/* Begin PBXBuildFile section */
		F54636742A7880E100A59F25 /* Desafio02App.swift in Sources */ = {isa = PBXBuildFile; fileRef = F54636732A7880E100A59F25 /* Desafio02App.swift */; };
		F54636762A7880E100A59F25 /* ContentView.swift in Sources */ = {isa = PBXBuildFile; fileRef = F54636752A7880E100A59F25 /* ContentView.swift */; };
		F54636782A7880E300A59F25 /* Assets.xcassets in Resources */ = {isa = PBXBuildFile; fileRef = F54636772A7880E300A59F25 /* Assets.xcassets */; };
		F546367B2A7880E300A59F25 /* Preview Assets.xcassets in Resources */ = {isa = PBXBuildFile; fileRef = F546367A2A7880E300A59F25 /* Preview Assets.xcassets */; };
		F54636822A7881F100A59F25 /* TextoEmailView.swift in Sources */ = {isa = PBXBuildFile; fileRef = F54636812A7881F100A59F25 /* TextoEmailView.swift */; };
		F54636842A78829400A59F25 /* Mid1View.swift in Sources */ = {isa = PBXBuildFile; fileRef = F54636832A78829300A59F25 /* Mid1View.swift */; };
		F54636862A78833300A59F25 /* Mid2View.swift in Sources */ = {isa = PBXBuildFile; fileRef = F54636852A78833300A59F25 /* Mid2View.swift */; };
		F54636882A78848F00A59F25 /* PopupView.swift in Sources */ = {isa = PBXBuildFile; fileRef = F54636872A78848F00A59F25 /* PopupView.swift */; };
/* End PBXBuildFile section */

/* Begin PBXFileReference section */
		F54636702A7880E100A59F25 /* Desafio02.app */ = {isa = PBXFileReference; explicitFileType = wrapper.application; includeInIndex = 0; path = Desafio02.app; sourceTree = BUILT_PRODUCTS_DIR; };
		F54636732A7880E100A59F25 /* Desafio02App.swift */ = {isa = PBXFileReference; lastKnownFileType = sourcecode.swift; path = Desafio02App.swift; sourceTree = "<group>"; };
		F54636752A7880E100A59F25 /* ContentView.swift */ = {isa = PBXFileReference; lastKnownFileType = sourcecode.swift; path = ContentView.swift; sourceTree = "<group>"; };
		F54636772A7880E300A59F25 /* Assets.xcassets */ = {isa = PBXFileReference; lastKnownFileType = folder.assetcatalog; path = Assets.xcassets; sourceTree = "<group>"; };
		F546367A2A7880E300A59F25 /* Preview Assets.xcassets */ = {isa = PBXFileReference; lastKnownFileType = folder.assetcatalog; path = "Preview Assets.xcassets"; sourceTree = "<group>"; };
		F54636812A7881F100A59F25 /* TextoEmailView.swift */ = {isa = PBXFileReference; lastKnownFileType = sourcecode.swift; path = TextoEmailView.swift; sourceTree = "<group>"; };
		F54636832A78829300A59F25 /* Mid1View.swift */ = {isa = PBXFileReference; lastKnownFileType = sourcecode.swift; path = Mid1View.swift; sourceTree = "<group>"; };
		F54636852A78833300A59F25 /* Mid2View.swift */ = {isa = PBXFileReference; lastKnownFileType = sourcecode.swift; path = Mid2View.swift; sourceTree = "<group>"; };
		F54636872A78848F00A59F25 /* PopupView.swift */ = {isa = PBXFileReference; lastKnownFileType = sourcecode.swift; path = PopupView.swift; sourceTree = "<group>"; };
/* End PBXFileReference section */

/* Begin PBXFrameworksBuildPhase section */
		F546366D2A7880E100A59F25 /* Frameworks */ = {
			isa = PBXFrameworksBuildPhase;
			buildActionMask = 2147483647;
			files = (
			);
			runOnlyForDeploymentPostprocessing = 0;
		};
/* End PBXFrameworksBuildPhase section */

/* Begin PBXGroup section */
		F54636672A7880E100A59F25 = {
			isa = PBXGroup;
			children = (
				F54636722A7880E100A59F25 /* Desafio02 */,
				F54636712A7880E100A59F25 /* Products */,
			);
			sourceTree = "<group>";
		};
		F54636712A7880E100A59F25 /* Products */ = {
			isa = PBXGroup;
			children = (
				F54636702A7880E100A59F25 /* Desafio02.app */,
			);
			name = Products;
			sourceTree = "<group>";
		};
		F54636722A7880E100A59F25 /* Desafio02 */ = {
			isa = PBXGroup;
			children = (
				F54636732A7880E100A59F25 /* Desafio02App.swift */,
				F54636752A7880E100A59F25 /* ContentView.swift */,
				F54636812A7881F100A59F25 /* TextoEmailView.swift */,
				F54636852A78833300A59F25 /* Mid2View.swift */,
				F54636832A78829300A59F25 /* Mid1View.swift */,
				F54636872A78848F00A59F25 /* PopupView.swift */,
				F54636772A7880E300A59F25 /* Assets.xcassets */,
				F54636792A7880E300A59F25 /* Preview Content */,
			);
			path = Desafio02;
			sourceTree = "<group>";
		};
		F54636792A7880E300A59F25 /* Preview Content */ = {
			isa = PBXGroup;
			children = (
				F546367A2A7880E300A59F25 /* Preview Assets.xcassets */,
			);
			path = "Preview Content";
			sourceTree = "<group>";
		};
/* End PBXGroup section */

/* Begin PBXNativeTarget section */
		F546366F2A7880E100A59F25 /* Desafio02 */ = {
			isa = PBXNativeTarget;
			buildConfigurationList = F546367E2A7880E300A59F25 /* Build configuration list for PBXNativeTarget "Desafio02" */;
			buildPhases = (
				F546366C2A7880E100A59F25 /* Sources */,
				F546366D2A7880E100A59F25 /* Frameworks */,
				F546366E2A7880E100A59F25 /* Resources */,
			);
			buildRules = (
			);
			dependencies = (
			);
			name = Desafio02;
			productName = Desafio02;
			productReference = F54636702A7880E100A59F25 /* Desafio02.app */;
			productType = "com.apple.product-type.application";
		};
/* End PBXNativeTarget section */

/* Begin PBXProject section */
		F54636682A7880E100A59F25 /* Project object */ = {
			isa = PBXProject;
			attributes = {
				BuildIndependentTargetsInParallel = 1;
				LastSwiftUpdateCheck = 1420;
				LastUpgradeCheck = 1420;
				TargetAttributes = {
					F546366F2A7880E100A59F25 = {
						CreatedOnToolsVersion = 14.2;
					};
				};
			};
			buildConfigurationList = F546366B2A7880E100A59F25 /* Build configuration list for PBXProject "Desafio02" */;
			compatibilityVersion = "Xcode 14.0";
			developmentRegion = en;
			hasScannedForEncodings = 0;
			knownRegions = (
				en,
				Base,
			);
			mainGroup = F54636672A7880E100A59F25;
			productRefGroup = F54636712A7880E100A59F25 /* Products */;
			projectDirPath = "";
			projectRoot = "";
			targets = (
				F546366F2A7880E100A59F25 /* Desafio02 */,
			);
		};
/* End PBXProject section */

/* Begin PBXResourcesBuildPhase section */
		F546366E2A7880E100A59F25 /* Resources */ = {
			isa = PBXResourcesBuildPhase;
			buildActionMask = 2147483647;
			files = (
				F546367B2A7880E300A59F25 /* Preview Assets.xcassets in Resources */,
				F54636782A7880E300A59F25 /* Assets.xcassets in Resources */,
			);
			runOnlyForDeploymentPostprocessing = 0;
		};
/* End PBXResourcesBuildPhase section */

/* Begin PBXSourcesBuildPhase section */
		F546366C2A7880E100A59F25 /* Sources */ = {
			isa = PBXSourcesBuildPhase;
			buildActionMask = 2147483647;
			files = (
				F54636862A78833300A59F25 /* Mid2View.swift in Sources */,
				F54636762A7880E100A59F25 /* ContentView.swift in Sources */,
				F54636742A7880E100A59F25 /* Desafio02App.swift in Sources */,
				F54636882A78848F00A59F25 /* PopupView.swift in Sources */,
				F54636822A7881F100A59F25 /* TextoEmailView.swift in Sources */,
				F54636842A78829400A59F25 /* Mid1View.swift in Sources */,
			);
			runOnlyForDeploymentPostprocessing = 0;
		};
/* End PBXSourcesBuildPhase section */

/* Begin XCBuildConfiguration section */
		F546367C2A7880E300A59F25 /* Debug */ = {
			isa = XCBuildConfiguration;
			buildSettings = {
				ALWAYS_SEARCH_USER_PATHS = NO;
				CLANG_ANALYZER_NONNULL = YES;
				CLANG_ANALYZER_NUMBER_OBJECT_CONVERSION = YES_AGGRESSIVE;
				CLANG_CXX_LANGUAGE_STANDARD = "gnu++20";
				CLANG_ENABLE_MODULES = YES;
				CLANG_ENABLE_OBJC_ARC = YES;
				CLANG_ENABLE_OBJC_WEAK = YES;
				CLANG_WARN_BLOCK_CAPTURE_AUTORELEASING = YES;
				CLANG_WARN_BOOL_CONVERSION = YES;
				CLANG_WARN_COMMA = YES;
				CLANG_WARN_CONSTANT_CONVERSION = YES;
				CLANG_WARN_DEPRECATED_OBJC_IMPLEMENTATIONS = YES;
				CLANG_WARN_DIRECT_OBJC_ISA_USAGE = YES_ERROR;
				CLANG_WARN_DOCUMENTATION_COMMENTS = YES;
				CLANG_WARN_EMPTY_BODY = YES;
				CLANG_WARN_ENUM_CONVERSION = YES;
				CLANG_WARN_INFINITE_RECURSION = YES;
				CLANG_WARN_INT_CONVERSION = YES;
				CLANG_WARN_NON_LITERAL_NULL_CONVERSION = YES;
				CLANG_WARN_OBJC_IMPLICIT_RETAIN_SELF = YES;
				CLANG_WARN_OBJC_LITERAL_CONVERSION = YES;
				CLANG_WARN_OBJC_ROOT_CLASS = YES_ERROR;
				CLANG_WARN_QUOTED_INCLUDE_IN_FRAMEWORK_HEADER = YES;
				CLANG_WARN_RANGE_LOOP_ANALYSIS = YES;
				CLANG_WARN_STRICT_PROTOTYPES = YES;
				CLANG_WARN_SUSPICIOUS_MOVE = YES;
				CLANG_WARN_UNGUARDED_AVAILABILITY = YES_AGGRESSIVE;
				CLANG_WARN_UNREACHABLE_CODE = YES;
				CLANG_WARN__DUPLICATE_METHOD_MATCH = YES;
				COPY_PHASE_STRIP = NO;
				DEBUG_INFORMATION_FORMAT = dwarf;
				ENABLE_STRICT_OBJC_MSGSEND = YES;
				ENABLE_TESTABILITY = YES;
				GCC_C_LANGUAGE_STANDARD = gnu11;
				GCC_DYNAMIC_NO_PIC = NO;
				GCC_NO_COMMON_BLOCKS = YES;
				GCC_OPTIMIZATION_LEVEL = 0;
				GCC_PREPROCESSOR_DEFINITIONS = (
					"DEBUG=1",
					"$(inherited)",
				);
				GCC_WARN_64_TO_32_BIT_CONVERSION = YES;
				GCC_WARN_ABOUT_RETURN_TYPE = YES_ERROR;
				GCC_WARN_UNDECLARED_SELECTOR = YES;
				GCC_WARN_UNINITIALIZED_AUTOS = YES_AGGRESSIVE;
				GCC_WARN_UNUSED_FUNCTION = YES;
				GCC_WARN_UNUSED_VARIABLE = YES;
				IPHONEOS_DEPLOYMENT_TARGET = 16.2;
				MTL_ENABLE_DEBUG_INFO = INCLUDE_SOURCE;
				MTL_FAST_MATH = YES;
				ONLY_ACTIVE_ARCH = YES;
				SDKROOT = iphoneos;
				SWIFT_ACTIVE_COMPILATION_CONDITIONS = DEBUG;
				SWIFT_OPTIMIZATION_LEVEL = "-Onone";
			};
			name = Debug;
		};
		F546367D2A7880E300A59F25 /* Release */ = {
			isa = XCBuildConfiguration;
			buildSettings = {
				ALWAYS_SEARCH_USER_PATHS = NO;
				CLANG_ANALYZER_NONNULL = YES;
				CLANG_ANALYZER_NUMBER_OBJECT_CONVERSION = YES_AGGRESSIVE;
				CLANG_CXX_LANGUAGE_STANDARD = "gnu++20";
				CLANG_ENABLE_MODULES = YES;
				CLANG_ENABLE_OBJC_ARC = YES;
				CLANG_ENABLE_OBJC_WEAK = YES;
				CLANG_WARN_BLOCK_CAPTURE_AUTORELEASING = YES;
				CLANG_WARN_BOOL_CONVERSION = YES;
				CLANG_WARN_COMMA = YES;
				CLANG_WARN_CONSTANT_CONVERSION = YES;
				CLANG_WARN_DEPRECATED_OBJC_IMPLEMENTATIONS = YES;
				CLANG_WARN_DIRECT_OBJC_ISA_USAGE = YES_ERROR;
				CLANG_WARN_DOCUMENTATION_COMMENTS = YES;
				CLANG_WARN_EMPTY_BODY = YES;
				CLANG_WARN_ENUM_CONVERSION = YES;
				CLANG_WARN_INFINITE_RECURSION = YES;
				CLANG_WARN_INT_CONVERSION = YES;
				CLANG_WARN_NON_LITERAL_NULL_CONVERSION = YES;
				CLANG_WARN_OBJC_IMPLICIT_RETAIN_SELF = YES;
				CLANG_WARN_OBJC_LITERAL_CONVERSION = YES;
				CLANG_WARN_OBJC_ROOT_CLASS = YES_ERROR;
				CLANG_WARN_QUOTED_INCLUDE_IN_FRAMEWORK_HEADER = YES;
				CLANG_WARN_RANGE_LOOP_ANALYSIS = YES;
				CLANG_WARN_STRICT_PROTOTYPES = YES;
				CLANG_WARN_SUSPICIOUS_MOVE = YES;
				CLANG_WARN_UNGUARDED_AVAILABILITY = YES_AGGRESSIVE;
				CLANG_WARN_UNREACHABLE_CODE = YES;
				CLANG_WARN__DUPLICATE_METHOD_MATCH = YES;
				COPY_PHASE_STRIP = NO;
				DEBUG_INFORMATION_FORMAT = "dwarf-with-dsym";
				ENABLE_NS_ASSERTIONS = NO;
				ENABLE_STRICT_OBJC_MSGSEND = YES;
				GCC_C_LANGUAGE_STANDARD = gnu11;
				GCC_NO_COMMON_BLOCKS = YES;
				GCC_WARN_64_TO_32_BIT_CONVERSION = YES;
				GCC_WARN_ABOUT_RETURN_TYPE = YES_ERROR;
				GCC_WARN_UNDECLARED_SELECTOR = YES;
				GCC_WARN_UNINITIALIZED_AUTOS = YES_AGGRESSIVE;
				GCC_WARN_UNUSED_FUNCTION = YES;
				GCC_WARN_UNUSED_VARIABLE = YES;
				IPHONEOS_DEPLOYMENT_TARGET = 16.2;
				MTL_ENABLE_DEBUG_INFO = NO;
				MTL_FAST_MATH = YES;
				SDKROOT = iphoneos;
				SWIFT_COMPILATION_MODE = wholemodule;
				SWIFT_OPTIMIZATION_LEVEL = "-O";
				VALIDATE_PRODUCT = YES;
			};
			name = Release;
		};
		F546367F2A7880E300A59F25 /* Debug */ = {
			isa = XCBuildConfiguration;
			buildSettings = {
				ASSETCATALOG_COMPILER_APPICON_NAME = AppIcon;
				ASSETCATALOG_COMPILER_GLOBAL_ACCENT_COLOR_NAME = AccentColor;
				CODE_SIGN_STYLE = Automatic;
				CURRENT_PROJECT_VERSION = 1;
				DEVELOPMENT_ASSET_PATHS = "\"Desafio02/Preview Content\"";
				ENABLE_PREVIEWS = YES;
				GENERATE_INFOPLIST_FILE = YES;
				INFOPLIST_KEY_UIApplicationSceneManifest_Generation = YES;
				INFOPLIST_KEY_UIApplicationSupportsIndirectInputEvents = YES;
				INFOPLIST_KEY_UILaunchScreen_Generation = YES;
				INFOPLIST_KEY_UISupportedInterfaceOrientations_iPad = "UIInterfaceOrientationPortrait UIInterfaceOrientationPortraitUpsideDown UIInterfaceOrientationLandscapeLeft UIInterfaceOrientationLandscapeRight";
				INFOPLIST_KEY_UISupportedInterfaceOrientations_iPhone = "UIInterfaceOrientationPortrait UIInterfaceOrientationLandscapeLeft UIInterfaceOrientationLandscapeRight";
				LD_RUNPATH_SEARCH_PATHS = (
					"$(inherited)",
					"@executable_path/Frameworks",
				);
				MARKETING_VERSION = 1.0;
				PRODUCT_BUNDLE_IDENTIFIER = com.br.dandan.Desafio02;
				PRODUCT_NAME = "$(TARGET_NAME)";
				SWIFT_EMIT_LOC_STRINGS = YES;
				SWIFT_VERSION = 5.0;
				TARGETED_DEVICE_FAMILY = "1,2";
			};
			name = Debug;
		};
		F54636802A7880E300A59F25 /* Release */ = {
			isa = XCBuildConfiguration;
			buildSettings = {
				ASSETCATALOG_COMPILER_APPICON_NAME = AppIcon;
				ASSETCATALOG_COMPILER_GLOBAL_ACCENT_COLOR_NAME = AccentColor;
				CODE_SIGN_STYLE = Automatic;
				CURRENT_PROJECT_VERSION = 1;
				DEVELOPMENT_ASSET_PATHS = "\"Desafio02/Preview Content\"";
				ENABLE_PREVIEWS = YES;
				GENERATE_INFOPLIST_FILE = YES;
				INFOPLIST_KEY_UIApplicationSceneManifest_Generation = YES;
				INFOPLIST_KEY_UIApplicationSupportsIndirectInputEvents = YES;
				INFOPLIST_KEY_UILaunchScreen_Generation = YES;
				INFOPLIST_KEY_UISupportedInterfaceOrientations_iPad = "UIInterfaceOrientationPortrait UIInterfaceOrientationPortraitUpsideDown UIInterfaceOrientationLandscapeLeft UIInterfaceOrientationLandscapeRight";
				INFOPLIST_KEY_UISupportedInterfaceOrientations_iPhone = "UIInterfaceOrientationPortrait UIInterfaceOrientationLandscapeLeft UIInterfaceOrientationLandscapeRight";
				LD_RUNPATH_SEARCH_PATHS = (
					"$(inherited)",
					"@executable_path/Frameworks",
				);
				MARKETING_VERSION = 1.0;
				PRODUCT_BUNDLE_IDENTIFIER = com.br.dandan.Desafio02;
				PRODUCT_NAME = "$(TARGET_NAME)";
				SWIFT_EMIT_LOC_STRINGS = YES;
				SWIFT_VERSION = 5.0;
				TARGETED_DEVICE_FAMILY = "1,2";
			};
			name = Release;
		};
/* End XCBuildConfiguration section */

/* Begin XCConfigurationList section */
		F546366B2A7880E100A59F25 /* Build configuration list for PBXProject "Desafio02" */ = {
			isa = XCConfigurationList;
			buildConfigurations = (
				F546367C2A7880E300A59F25 /* Debug */,
				F546367D2A7880E300A59F25 /* Release */,
			);
			defaultConfigurationIsVisible = 0;
			defaultConfigurationName = Release;
		};
		F546367E2A7880E300A59F25 /* Build configuration list for PBXNativeTarget "Desafio02" */ = {
			isa = XCConfigurationList;
			buildConfigurations = (
				F546367F2A7880E300A59F25 /* Debug */,
				F54636802A7880E300A59F25 /* Release */,
			);
			defaultConfigurationIsVisible = 0;
			defaultConfigurationName = Release;
		};
/* End XCConfigurationList section */
	};
	rootObject = F54636682A7880E100A59F25 /* Project object */;
}
